// !$*UTF8*$!
{
	archiveVersion = 1;
	classes = {
	};
	objectVersion = 50;
	objects = {

/* Begin PBXBuildFile section */
		A559586922021DE7009EB57C /* AppDelegate.swift in Sources */ = {isa = PBXBuildFile; fileRef = A559586822021DE7009EB57C /* AppDelegate.swift */; };
		A559587022021DE9009EB57C /* Assets.xcassets in Resources */ = {isa = PBXBuildFile; fileRef = A559586F22021DE9009EB57C /* Assets.xcassets */; };
		A559587322021DE9009EB57C /* LaunchScreen.storyboard in Resources */ = {isa = PBXBuildFile; fileRef = A559587122021DE9009EB57C /* LaunchScreen.storyboard */; };
		A5A0CDFA22039F1C0087F634 /* ListRepositoriesPresenter.swift in Sources */ = {isa = PBXBuildFile; fileRef = A5A0CDF922039F1C0087F634 /* ListRepositoriesPresenter.swift */; };
		A5A0CDFC22039F280087F634 /* ListRepositoriesController.swift in Sources */ = {isa = PBXBuildFile; fileRef = A5A0CDFB22039F280087F634 /* ListRepositoriesController.swift */; };
		A5A0CDFE22039F360087F634 /* ListRepositoriesView.swift in Sources */ = {isa = PBXBuildFile; fileRef = A5A0CDFD22039F360087F634 /* ListRepositoriesView.swift */; };
		A5A0CE0022039FEA0087F634 /* ListRepositoriesViewProtocol.swift in Sources */ = {isa = PBXBuildFile; fileRef = A5A0CDFF22039FEA0087F634 /* ListRepositoriesViewProtocol.swift */; };
		A5A0CE0D2204C00B0087F634 /* CodableView.swift in Sources */ = {isa = PBXBuildFile; fileRef = A5A0CE0C2204C00B0087F634 /* CodableView.swift */; };
		A5A0CE0F2204C13F0087F634 /* NSLayoutConstraint+Util.swift in Sources */ = {isa = PBXBuildFile; fileRef = A5A0CE0E2204C13F0087F634 /* NSLayoutConstraint+Util.swift */; };
		A5A0CE132204CFBC0087F634 /* AppCoordinator.swift in Sources */ = {isa = PBXBuildFile; fileRef = A5A0CE122204CFBC0087F634 /* AppCoordinator.swift */; };
		A5A0CE162204D1290087F634 /* RepositoriesCoordinator.swift in Sources */ = {isa = PBXBuildFile; fileRef = A5A0CE152204D1290087F634 /* RepositoriesCoordinator.swift */; };
		A5A0CE192204D4E40087F634 /* APIClientBuilder.swift in Sources */ = {isa = PBXBuildFile; fileRef = A5A0CE182204D4E40087F634 /* APIClientBuilder.swift */; };
		A5A0CE1C2204D5390087F634 /* Endpoint.swift in Sources */ = {isa = PBXBuildFile; fileRef = A5A0CE1B2204D5390087F634 /* Endpoint.swift */; };
		A5A0CE1E2204D63B0087F634 /* PrintableError.swift in Sources */ = {isa = PBXBuildFile; fileRef = A5A0CE1D2204D63B0087F634 /* PrintableError.swift */; };
		A5A0CE202204D7190087F634 /* RequestAPIClient.swift in Sources */ = {isa = PBXBuildFile; fileRef = A5A0CE1F2204D7190087F634 /* RequestAPIClient.swift */; };
		A5A0CE222204D84E0087F634 /* ErrorHandlerAPIClient.swift in Sources */ = {isa = PBXBuildFile; fileRef = A5A0CE212204D84E0087F634 /* ErrorHandlerAPIClient.swift */; };
		A5A0CE242204D9FC0087F634 /* ErrorHandler.swift in Sources */ = {isa = PBXBuildFile; fileRef = A5A0CE232204D9FC0087F634 /* ErrorHandler.swift */; };
		A5A0CE262204DA980087F634 /* Error+Util.swift in Sources */ = {isa = PBXBuildFile; fileRef = A5A0CE252204DA980087F634 /* Error+Util.swift */; };
		A5A0CE282204DCD30087F634 /* ConnectableAPIClient.swift in Sources */ = {isa = PBXBuildFile; fileRef = A5A0CE272204DCD30087F634 /* ConnectableAPIClient.swift */; };
		A5A0CE2A2204DCFD0087F634 /* Connectivity.swift in Sources */ = {isa = PBXBuildFile; fileRef = A5A0CE292204DCFD0087F634 /* Connectivity.swift */; };
		A5A0CE2E2204DDC40087F634 /* Alamofire.framework in Frameworks */ = {isa = PBXBuildFile; fileRef = A5A0CE2D2204DDC40087F634 /* Alamofire.framework */; };
		A5A0CE312208AD1A0087F634 /* ServiceFactory.swift in Sources */ = {isa = PBXBuildFile; fileRef = A5A0CE302208AD1A0087F634 /* ServiceFactory.swift */; };
		A5A0CE332208AE4B0087F634 /* RepositoriesService.swift in Sources */ = {isa = PBXBuildFile; fileRef = A5A0CE322208AE4B0087F634 /* RepositoriesService.swift */; };
		A5A0CE352208AFE20087F634 /* RepositoriesEndpoint.swift in Sources */ = {isa = PBXBuildFile; fileRef = A5A0CE342208AFE20087F634 /* RepositoriesEndpoint.swift */; };
		A5A0CE372208B19C0087F634 /* Repository.swift in Sources */ = {isa = PBXBuildFile; fileRef = A5A0CE362208B19C0087F634 /* Repository.swift */; };
		A5A0CE392208B6920087F634 /* Owner.swift in Sources */ = {isa = PBXBuildFile; fileRef = A5A0CE382208B6920087F634 /* Owner.swift */; };
		A5A0CE3B2208BD860087F634 /* RepositoryResult.swift in Sources */ = {isa = PBXBuildFile; fileRef = A5A0CE3A2208BD860087F634 /* RepositoryResult.swift */; };
		A5A0CE3D2208DFA20087F634 /* ListRepositoriesDataSource.swift in Sources */ = {isa = PBXBuildFile; fileRef = A5A0CE3C2208DFA20087F634 /* ListRepositoriesDataSource.swift */; };
		A5A0CE3F2208E0960087F634 /* RepositoryCell.swift in Sources */ = {isa = PBXBuildFile; fileRef = A5A0CE3E2208E0960087F634 /* RepositoryCell.swift */; };
		A5A0CE412208E3F00087F634 /* Reusable.framework in Frameworks */ = {isa = PBXBuildFile; fileRef = A5A0CE402208E3F00087F634 /* Reusable.framework */; };
		A5A0CE432209C5350087F634 /* ErrorView.swift in Sources */ = {isa = PBXBuildFile; fileRef = A5A0CE422209C5350087F634 /* ErrorView.swift */; };
		A5A0CE45220A0EC50087F634 /* UIScrollView_InfiniteScroll.framework in Frameworks */ = {isa = PBXBuildFile; fileRef = A5A0CE44220A0EC50087F634 /* UIScrollView_InfiniteScroll.framework */; };
		A5A0CE48220A29420087F634 /* ToastSwiftFramework.framework in Frameworks */ = {isa = PBXBuildFile; fileRef = A5A0CE46220A29420087F634 /* ToastSwiftFramework.framework */; };
		A5A0CE49220A29420087F634 /* Kingfisher.framework in Frameworks */ = {isa = PBXBuildFile; fileRef = A5A0CE47220A29420087F634 /* Kingfisher.framework */; };
		A5A0CE4F220A29610087F634 /* Quick.framework in Frameworks */ = {isa = PBXBuildFile; fileRef = A5A0CE4A220A29600087F634 /* Quick.framework */; };
		A5A0CE50220A29610087F634 /* FBSnapshotTestCase.framework in Frameworks */ = {isa = PBXBuildFile; fileRef = A5A0CE4B220A29600087F634 /* FBSnapshotTestCase.framework */; };
		A5A0CE52220A29610087F634 /* Nimble_Snapshots.framework in Frameworks */ = {isa = PBXBuildFile; fileRef = A5A0CE4D220A29610087F634 /* Nimble_Snapshots.framework */; };
		A5A0CE53220A29610087F634 /* Nimble.framework in Frameworks */ = {isa = PBXBuildFile; fileRef = A5A0CE4E220A29610087F634 /* Nimble.framework */; };
		A5A0CE58220B40C20087F634 /* ErrorViewTests.swift in Sources */ = {isa = PBXBuildFile; fileRef = A5A0CE57220B40C20087F634 /* ErrorViewTests.swift */; };
		A5A0CE5C220B469A0087F634 /* ErrorHandlerAPIClientTests.swift in Sources */ = {isa = PBXBuildFile; fileRef = A5A0CE5B220B469A0087F634 /* ErrorHandlerAPIClientTests.swift */; };
		A5A0CE5F220B48440087F634 /* RepositoryResultMock.swift in Sources */ = {isa = PBXBuildFile; fileRef = A5A0CE5E220B48440087F634 /* RepositoryResultMock.swift */; };
		A5A0CE61220B49620087F634 /* APIClientMock.swift in Sources */ = {isa = PBXBuildFile; fileRef = A5A0CE60220B49620087F634 /* APIClientMock.swift */; };
		A5A0CE63220B498C0087F634 /* ErrorHandlerMock.swift in Sources */ = {isa = PBXBuildFile; fileRef = A5A0CE62220B498C0087F634 /* ErrorHandlerMock.swift */; };
		A5A0CE65220B75B10087F634 /* ConnectableAPIClientTests.swift in Sources */ = {isa = PBXBuildFile; fileRef = A5A0CE64220B75B10087F634 /* ConnectableAPIClientTests.swift */; };
		A5A0CE67220B76370087F634 /* ConnectableMock.swift in Sources */ = {isa = PBXBuildFile; fileRef = A5A0CE66220B76370087F634 /* ConnectableMock.swift */; };
		A5A0CE69220B76DE0087F634 /* ErrorHandlerTests.swift in Sources */ = {isa = PBXBuildFile; fileRef = A5A0CE68220B76DE0087F634 /* ErrorHandlerTests.swift */; };
		A5A0CE6D220B780C0087F634 /* ServiceFactoryTests.swift in Sources */ = {isa = PBXBuildFile; fileRef = A5A0CE6C220B780C0087F634 /* ServiceFactoryTests.swift */; };
		A5A0CE6F220B78DE0087F634 /* RepositoriesServiceTests.swift in Sources */ = {isa = PBXBuildFile; fileRef = A5A0CE6E220B78DE0087F634 /* RepositoriesServiceTests.swift */; };
		A5A0CE71220B7A270087F634 /* RepositoriesEndpointTests.swift in Sources */ = {isa = PBXBuildFile; fileRef = A5A0CE70220B7A270087F634 /* RepositoriesEndpointTests.swift */; };
/* End PBXBuildFile section */

/* Begin PBXContainerItemProxy section */
		A559587A22021DE9009EB57C /* PBXContainerItemProxy */ = {
			isa = PBXContainerItemProxy;
			containerPortal = A559585D22021DE7009EB57C /* Project object */;
			proxyType = 1;
			remoteGlobalIDString = A559586422021DE7009EB57C;
			remoteInfo = GitHubAPI;
		};
/* End PBXContainerItemProxy section */

/* Begin PBXFileReference section */
		A559586522021DE7009EB57C /* GitHubAPI.app */ = {isa = PBXFileReference; explicitFileType = wrapper.application; includeInIndex = 0; path = GitHubAPI.app; sourceTree = BUILT_PRODUCTS_DIR; };
		A559586822021DE7009EB57C /* AppDelegate.swift */ = {isa = PBXFileReference; lastKnownFileType = sourcecode.swift; path = AppDelegate.swift; sourceTree = "<group>"; };
		A559586F22021DE9009EB57C /* Assets.xcassets */ = {isa = PBXFileReference; lastKnownFileType = folder.assetcatalog; path = Assets.xcassets; sourceTree = "<group>"; };
		A559587222021DE9009EB57C /* Base */ = {isa = PBXFileReference; lastKnownFileType = file.storyboard; name = Base; path = Base.lproj/LaunchScreen.storyboard; sourceTree = "<group>"; };
		A559587422021DE9009EB57C /* Info.plist */ = {isa = PBXFileReference; lastKnownFileType = text.plist.xml; path = Info.plist; sourceTree = "<group>"; };
		A559587922021DE9009EB57C /* GitHubAPITests.xctest */ = {isa = PBXFileReference; explicitFileType = wrapper.cfbundle; includeInIndex = 0; path = GitHubAPITests.xctest; sourceTree = BUILT_PRODUCTS_DIR; };
		A559587F22021DE9009EB57C /* Info.plist */ = {isa = PBXFileReference; lastKnownFileType = text.plist.xml; path = Info.plist; sourceTree = "<group>"; };
		A5A0CDF922039F1C0087F634 /* ListRepositoriesPresenter.swift */ = {isa = PBXFileReference; lastKnownFileType = sourcecode.swift; path = ListRepositoriesPresenter.swift; sourceTree = "<group>"; };
		A5A0CDFB22039F280087F634 /* ListRepositoriesController.swift */ = {isa = PBXFileReference; lastKnownFileType = sourcecode.swift; path = ListRepositoriesController.swift; sourceTree = "<group>"; };
		A5A0CDFD22039F360087F634 /* ListRepositoriesView.swift */ = {isa = PBXFileReference; lastKnownFileType = sourcecode.swift; path = ListRepositoriesView.swift; sourceTree = "<group>"; };
		A5A0CDFF22039FEA0087F634 /* ListRepositoriesViewProtocol.swift */ = {isa = PBXFileReference; lastKnownFileType = sourcecode.swift; path = ListRepositoriesViewProtocol.swift; sourceTree = "<group>"; };
		A5A0CE0C2204C00B0087F634 /* CodableView.swift */ = {isa = PBXFileReference; lastKnownFileType = sourcecode.swift; path = CodableView.swift; sourceTree = "<group>"; };
		A5A0CE0E2204C13F0087F634 /* NSLayoutConstraint+Util.swift */ = {isa = PBXFileReference; lastKnownFileType = sourcecode.swift; path = "NSLayoutConstraint+Util.swift"; sourceTree = "<group>"; };
		A5A0CE122204CFBC0087F634 /* AppCoordinator.swift */ = {isa = PBXFileReference; lastKnownFileType = sourcecode.swift; path = AppCoordinator.swift; sourceTree = "<group>"; };
		A5A0CE152204D1290087F634 /* RepositoriesCoordinator.swift */ = {isa = PBXFileReference; lastKnownFileType = sourcecode.swift; path = RepositoriesCoordinator.swift; sourceTree = "<group>"; };
		A5A0CE182204D4E40087F634 /* APIClientBuilder.swift */ = {isa = PBXFileReference; lastKnownFileType = sourcecode.swift; path = APIClientBuilder.swift; sourceTree = "<group>"; };
		A5A0CE1B2204D5390087F634 /* Endpoint.swift */ = {isa = PBXFileReference; lastKnownFileType = sourcecode.swift; path = Endpoint.swift; sourceTree = "<group>"; };
		A5A0CE1D2204D63B0087F634 /* PrintableError.swift */ = {isa = PBXFileReference; lastKnownFileType = sourcecode.swift; path = PrintableError.swift; sourceTree = "<group>"; };
		A5A0CE1F2204D7190087F634 /* RequestAPIClient.swift */ = {isa = PBXFileReference; lastKnownFileType = sourcecode.swift; path = RequestAPIClient.swift; sourceTree = "<group>"; };
		A5A0CE212204D84E0087F634 /* ErrorHandlerAPIClient.swift */ = {isa = PBXFileReference; lastKnownFileType = sourcecode.swift; path = ErrorHandlerAPIClient.swift; sourceTree = "<group>"; };
		A5A0CE232204D9FC0087F634 /* ErrorHandler.swift */ = {isa = PBXFileReference; lastKnownFileType = sourcecode.swift; path = ErrorHandler.swift; sourceTree = "<group>"; };
		A5A0CE252204DA980087F634 /* Error+Util.swift */ = {isa = PBXFileReference; lastKnownFileType = sourcecode.swift; path = "Error+Util.swift"; sourceTree = "<group>"; };
		A5A0CE272204DCD30087F634 /* ConnectableAPIClient.swift */ = {isa = PBXFileReference; lastKnownFileType = sourcecode.swift; path = ConnectableAPIClient.swift; sourceTree = "<group>"; };
		A5A0CE292204DCFD0087F634 /* Connectivity.swift */ = {isa = PBXFileReference; lastKnownFileType = sourcecode.swift; path = Connectivity.swift; sourceTree = "<group>"; };
		A5A0CE2D2204DDC40087F634 /* Alamofire.framework */ = {isa = PBXFileReference; lastKnownFileType = wrapper.framework; name = Alamofire.framework; path = Carthage/Build/iOS/Alamofire.framework; sourceTree = "<group>"; };
		A5A0CE302208AD1A0087F634 /* ServiceFactory.swift */ = {isa = PBXFileReference; lastKnownFileType = sourcecode.swift; path = ServiceFactory.swift; sourceTree = "<group>"; };
		A5A0CE322208AE4B0087F634 /* RepositoriesService.swift */ = {isa = PBXFileReference; lastKnownFileType = sourcecode.swift; path = RepositoriesService.swift; sourceTree = "<group>"; };
		A5A0CE342208AFE20087F634 /* RepositoriesEndpoint.swift */ = {isa = PBXFileReference; lastKnownFileType = sourcecode.swift; path = RepositoriesEndpoint.swift; sourceTree = "<group>"; };
		A5A0CE362208B19C0087F634 /* Repository.swift */ = {isa = PBXFileReference; lastKnownFileType = sourcecode.swift; path = Repository.swift; sourceTree = "<group>"; };
		A5A0CE382208B6920087F634 /* Owner.swift */ = {isa = PBXFileReference; lastKnownFileType = sourcecode.swift; path = Owner.swift; sourceTree = "<group>"; };
		A5A0CE3A2208BD860087F634 /* RepositoryResult.swift */ = {isa = PBXFileReference; lastKnownFileType = sourcecode.swift; path = RepositoryResult.swift; sourceTree = "<group>"; };
		A5A0CE3C2208DFA20087F634 /* ListRepositoriesDataSource.swift */ = {isa = PBXFileReference; lastKnownFileType = sourcecode.swift; path = ListRepositoriesDataSource.swift; sourceTree = "<group>"; };
		A5A0CE3E2208E0960087F634 /* RepositoryCell.swift */ = {isa = PBXFileReference; lastKnownFileType = sourcecode.swift; path = RepositoryCell.swift; sourceTree = "<group>"; };
		A5A0CE402208E3F00087F634 /* Reusable.framework */ = {isa = PBXFileReference; lastKnownFileType = wrapper.framework; name = Reusable.framework; path = Carthage/Build/iOS/Reusable.framework; sourceTree = "<group>"; };
		A5A0CE422209C5350087F634 /* ErrorView.swift */ = {isa = PBXFileReference; lastKnownFileType = sourcecode.swift; path = ErrorView.swift; sourceTree = "<group>"; };
		A5A0CE44220A0EC50087F634 /* UIScrollView_InfiniteScroll.framework */ = {isa = PBXFileReference; lastKnownFileType = wrapper.framework; name = UIScrollView_InfiniteScroll.framework; path = Carthage/Build/iOS/UIScrollView_InfiniteScroll.framework; sourceTree = "<group>"; };
		A5A0CE46220A29420087F634 /* ToastSwiftFramework.framework */ = {isa = PBXFileReference; lastKnownFileType = wrapper.framework; name = ToastSwiftFramework.framework; path = Carthage/Build/iOS/ToastSwiftFramework.framework; sourceTree = "<group>"; };
		A5A0CE47220A29420087F634 /* Kingfisher.framework */ = {isa = PBXFileReference; lastKnownFileType = wrapper.framework; name = Kingfisher.framework; path = Carthage/Build/iOS/Kingfisher.framework; sourceTree = "<group>"; };
		A5A0CE4A220A29600087F634 /* Quick.framework */ = {isa = PBXFileReference; lastKnownFileType = wrapper.framework; name = Quick.framework; path = Carthage/Build/iOS/Quick.framework; sourceTree = "<group>"; };
		A5A0CE4B220A29600087F634 /* FBSnapshotTestCase.framework */ = {isa = PBXFileReference; lastKnownFileType = wrapper.framework; name = FBSnapshotTestCase.framework; path = Carthage/Build/iOS/FBSnapshotTestCase.framework; sourceTree = "<group>"; };
		A5A0CE4C220A29610087F634 /* 3A7A5B79-E222-3B02-9912-6400A1FB86E1.bcsymbolmap */ = {isa = PBXFileReference; lastKnownFileType = text; name = "3A7A5B79-E222-3B02-9912-6400A1FB86E1.bcsymbolmap"; path = "Carthage/Build/iOS/3A7A5B79-E222-3B02-9912-6400A1FB86E1.bcsymbolmap"; sourceTree = "<group>"; };
		A5A0CE4D220A29610087F634 /* Nimble_Snapshots.framework */ = {isa = PBXFileReference; lastKnownFileType = wrapper.framework; name = Nimble_Snapshots.framework; path = Carthage/Build/iOS/Nimble_Snapshots.framework; sourceTree = "<group>"; };
		A5A0CE4E220A29610087F634 /* Nimble.framework */ = {isa = PBXFileReference; lastKnownFileType = wrapper.framework; name = Nimble.framework; path = Carthage/Build/iOS/Nimble.framework; sourceTree = "<group>"; };
		A5A0CE57220B40C20087F634 /* ErrorViewTests.swift */ = {isa = PBXFileReference; lastKnownFileType = sourcecode.swift; path = ErrorViewTests.swift; sourceTree = "<group>"; };
		A5A0CE5B220B469A0087F634 /* ErrorHandlerAPIClientTests.swift */ = {isa = PBXFileReference; lastKnownFileType = sourcecode.swift; path = ErrorHandlerAPIClientTests.swift; sourceTree = "<group>"; };
		A5A0CE5E220B48440087F634 /* RepositoryResultMock.swift */ = {isa = PBXFileReference; lastKnownFileType = sourcecode.swift; path = RepositoryResultMock.swift; sourceTree = "<group>"; };
		A5A0CE60220B49620087F634 /* APIClientMock.swift */ = {isa = PBXFileReference; lastKnownFileType = sourcecode.swift; path = APIClientMock.swift; sourceTree = "<group>"; };
		A5A0CE62220B498C0087F634 /* ErrorHandlerMock.swift */ = {isa = PBXFileReference; lastKnownFileType = sourcecode.swift; path = ErrorHandlerMock.swift; sourceTree = "<group>"; };
		A5A0CE64220B75B10087F634 /* ConnectableAPIClientTests.swift */ = {isa = PBXFileReference; lastKnownFileType = sourcecode.swift; path = ConnectableAPIClientTests.swift; sourceTree = "<group>"; };
		A5A0CE66220B76370087F634 /* ConnectableMock.swift */ = {isa = PBXFileReference; lastKnownFileType = sourcecode.swift; path = ConnectableMock.swift; sourceTree = "<group>"; };
		A5A0CE68220B76DE0087F634 /* ErrorHandlerTests.swift */ = {isa = PBXFileReference; lastKnownFileType = sourcecode.swift; path = ErrorHandlerTests.swift; sourceTree = "<group>"; };
		A5A0CE6C220B780C0087F634 /* ServiceFactoryTests.swift */ = {isa = PBXFileReference; lastKnownFileType = sourcecode.swift; path = ServiceFactoryTests.swift; sourceTree = "<group>"; };
		A5A0CE6E220B78DE0087F634 /* RepositoriesServiceTests.swift */ = {isa = PBXFileReference; lastKnownFileType = sourcecode.swift; path = RepositoriesServiceTests.swift; sourceTree = "<group>"; };
		A5A0CE70220B7A270087F634 /* RepositoriesEndpointTests.swift */ = {isa = PBXFileReference; lastKnownFileType = sourcecode.swift; path = RepositoriesEndpointTests.swift; sourceTree = "<group>"; };
/* End PBXFileReference section */

/* Begin PBXFrameworksBuildPhase section */
		A559586222021DE7009EB57C /* Frameworks */ = {
			isa = PBXFrameworksBuildPhase;
			buildActionMask = 2147483647;
			files = (
				A5A0CE48220A29420087F634 /* ToastSwiftFramework.framework in Frameworks */,
				A5A0CE49220A29420087F634 /* Kingfisher.framework in Frameworks */,
				A5A0CE45220A0EC50087F634 /* UIScrollView_InfiniteScroll.framework in Frameworks */,
				A5A0CE412208E3F00087F634 /* Reusable.framework in Frameworks */,
				A5A0CE2E2204DDC40087F634 /* Alamofire.framework in Frameworks */,
			);
			runOnlyForDeploymentPostprocessing = 0;
		};
		A559587622021DE9009EB57C /* Frameworks */ = {
			isa = PBXFrameworksBuildPhase;
			buildActionMask = 2147483647;
			files = (
				A5A0CE4F220A29610087F634 /* Quick.framework in Frameworks */,
				A5A0CE50220A29610087F634 /* FBSnapshotTestCase.framework in Frameworks */,
				A5A0CE52220A29610087F634 /* Nimble_Snapshots.framework in Frameworks */,
				A5A0CE53220A29610087F634 /* Nimble.framework in Frameworks */,
			);
			runOnlyForDeploymentPostprocessing = 0;
		};
/* End PBXFrameworksBuildPhase section */

/* Begin PBXGroup section */
		A559585C22021DE7009EB57C = {
			isa = PBXGroup;
			children = (
				A559586722021DE7009EB57C /* GitHubAPI */,
				A559587C22021DE9009EB57C /* GitHubAPITests */,
				A559586622021DE7009EB57C /* Products */,
				A5A0CE2C2204DDC40087F634 /* Frameworks */,
			);
			sourceTree = "<group>";
		};
		A559586622021DE7009EB57C /* Products */ = {
			isa = PBXGroup;
			children = (
				A559586522021DE7009EB57C /* GitHubAPI.app */,
				A559587922021DE9009EB57C /* GitHubAPITests.xctest */,
			);
			name = Products;
			sourceTree = "<group>";
		};
		A559586722021DE7009EB57C /* GitHubAPI */ = {
			isa = PBXGroup;
			children = (
				A559587422021DE9009EB57C /* Info.plist */,
				A559586822021DE7009EB57C /* AppDelegate.swift */,
				A5A0CE142204D1000087F634 /* Coordinators */,
				A5A0CDF422039DEC0087F634 /* Features */,
				A5A0CDF722039E460087F634 /* Models */,
				A5A0CDF822039E530087F634 /* Network */,
				A5A0CE012204BFD70087F634 /* Utils */,
				A5A0CDF322039C080087F634 /* Resources */,
			);
			path = GitHubAPI;
			sourceTree = "<group>";
		};
		A559587C22021DE9009EB57C /* GitHubAPITests */ = {
			isa = PBXGroup;
			children = (
				A5A0CE59220B46060087F634 /* Network */,
				A5A0CE56220B409B0087F634 /* Utils */,
				A5A0CE5D220B48300087F634 /* Mock */,
				A559587F22021DE9009EB57C /* Info.plist */,
			);
			path = GitHubAPITests;
			sourceTree = "<group>";
		};
		A5A0CDF322039C080087F634 /* Resources */ = {
			isa = PBXGroup;
			children = (
				A559586F22021DE9009EB57C /* Assets.xcassets */,
				A559587122021DE9009EB57C /* LaunchScreen.storyboard */,
			);
			path = Resources;
			sourceTree = "<group>";
		};
		A5A0CDF422039DEC0087F634 /* Features */ = {
			isa = PBXGroup;
			children = (
				A5A0CDF522039DF60087F634 /* ListRepositories */,
			);
			path = Features;
			sourceTree = "<group>";
		};
		A5A0CDF522039DF60087F634 /* ListRepositories */ = {
			isa = PBXGroup;
			children = (
				A5A0CDFF22039FEA0087F634 /* ListRepositoriesViewProtocol.swift */,
				A5A0CDFD22039F360087F634 /* ListRepositoriesView.swift */,
				A5A0CE3E2208E0960087F634 /* RepositoryCell.swift */,
				A5A0CE3C2208DFA20087F634 /* ListRepositoriesDataSource.swift */,
				A5A0CDFB22039F280087F634 /* ListRepositoriesController.swift */,
				A5A0CDF922039F1C0087F634 /* ListRepositoriesPresenter.swift */,
			);
			path = ListRepositories;
			sourceTree = "<group>";
		};
		A5A0CDF722039E460087F634 /* Models */ = {
			isa = PBXGroup;
			children = (
				A5A0CE3A2208BD860087F634 /* RepositoryResult.swift */,
				A5A0CE362208B19C0087F634 /* Repository.swift */,
				A5A0CE382208B6920087F634 /* Owner.swift */,
			);
			path = Models;
			sourceTree = "<group>";
		};
		A5A0CDF822039E530087F634 /* Network */ = {
			isa = PBXGroup;
			children = (
				A5A0CE172204D4D20087F634 /* APIClient */,
				A5A0CE1A2204D5250087F634 /* Endpoints */,
				A5A0CE2F2208ACF60087F634 /* Services */,
				A5A0CE232204D9FC0087F634 /* ErrorHandler.swift */,
				A5A0CE292204DCFD0087F634 /* Connectivity.swift */,
			);
			path = Network;
			sourceTree = "<group>";
		};
		A5A0CE012204BFD70087F634 /* Utils */ = {
			isa = PBXGroup;
			children = (
				A5A0CE0C2204C00B0087F634 /* CodableView.swift */,
				A5A0CE0E2204C13F0087F634 /* NSLayoutConstraint+Util.swift */,
				A5A0CE1D2204D63B0087F634 /* PrintableError.swift */,
				A5A0CE252204DA980087F634 /* Error+Util.swift */,
				A5A0CE422209C5350087F634 /* ErrorView.swift */,
			);
			path = Utils;
			sourceTree = "<group>";
		};
		A5A0CE142204D1000087F634 /* Coordinators */ = {
			isa = PBXGroup;
			children = (
				A5A0CE122204CFBC0087F634 /* AppCoordinator.swift */,
				A5A0CE152204D1290087F634 /* RepositoriesCoordinator.swift */,
			);
			path = Coordinators;
			sourceTree = "<group>";
		};
		A5A0CE172204D4D20087F634 /* APIClient */ = {
			isa = PBXGroup;
			children = (
				A5A0CE182204D4E40087F634 /* APIClientBuilder.swift */,
				A5A0CE1F2204D7190087F634 /* RequestAPIClient.swift */,
				A5A0CE212204D84E0087F634 /* ErrorHandlerAPIClient.swift */,
				A5A0CE272204DCD30087F634 /* ConnectableAPIClient.swift */,
			);
			path = APIClient;
			sourceTree = "<group>";
		};
		A5A0CE1A2204D5250087F634 /* Endpoints */ = {
			isa = PBXGroup;
			children = (
				A5A0CE1B2204D5390087F634 /* Endpoint.swift */,
				A5A0CE342208AFE20087F634 /* RepositoriesEndpoint.swift */,
			);
			path = Endpoints;
			sourceTree = "<group>";
		};
		A5A0CE2C2204DDC40087F634 /* Frameworks */ = {
			isa = PBXGroup;
			children = (
				A5A0CE4C220A29610087F634 /* 3A7A5B79-E222-3B02-9912-6400A1FB86E1.bcsymbolmap */,
				A5A0CE4B220A29600087F634 /* FBSnapshotTestCase.framework */,
				A5A0CE4D220A29610087F634 /* Nimble_Snapshots.framework */,
				A5A0CE4E220A29610087F634 /* Nimble.framework */,
				A5A0CE4A220A29600087F634 /* Quick.framework */,
				A5A0CE47220A29420087F634 /* Kingfisher.framework */,
				A5A0CE46220A29420087F634 /* ToastSwiftFramework.framework */,
				A5A0CE44220A0EC50087F634 /* UIScrollView_InfiniteScroll.framework */,
				A5A0CE402208E3F00087F634 /* Reusable.framework */,
				A5A0CE2D2204DDC40087F634 /* Alamofire.framework */,
			);
			name = Frameworks;
			sourceTree = "<group>";
		};
		A5A0CE2F2208ACF60087F634 /* Services */ = {
			isa = PBXGroup;
			children = (
				A5A0CE302208AD1A0087F634 /* ServiceFactory.swift */,
				A5A0CE322208AE4B0087F634 /* RepositoriesService.swift */,
			);
			path = Services;
			sourceTree = "<group>";
		};
		A5A0CE56220B409B0087F634 /* Utils */ = {
			isa = PBXGroup;
			children = (
				A5A0CE57220B40C20087F634 /* ErrorViewTests.swift */,
			);
			path = Utils;
			sourceTree = "<group>";
		};
		A5A0CE59220B46060087F634 /* Network */ = {
			isa = PBXGroup;
			children = (
				A5A0CE5A220B46540087F634 /* APIClient */,
				A5A0CE6A220B77F30087F634 /* Endpoints */,
				A5A0CE6B220B77FE0087F634 /* Services */,
				A5A0CE68220B76DE0087F634 /* ErrorHandlerTests.swift */,
			);
			path = Network;
			sourceTree = "<group>";
		};
		A5A0CE5A220B46540087F634 /* APIClient */ = {
			isa = PBXGroup;
			children = (
				A5A0CE5B220B469A0087F634 /* ErrorHandlerAPIClientTests.swift */,
				A5A0CE64220B75B10087F634 /* ConnectableAPIClientTests.swift */,
			);
			path = APIClient;
			sourceTree = "<group>";
		};
		A5A0CE5D220B48300087F634 /* Mock */ = {
			isa = PBXGroup;
			children = (
				A5A0CE60220B49620087F634 /* APIClientMock.swift */,
				A5A0CE66220B76370087F634 /* ConnectableMock.swift */,
				A5A0CE62220B498C0087F634 /* ErrorHandlerMock.swift */,
				A5A0CE5E220B48440087F634 /* RepositoryResultMock.swift */,
			);
			path = Mock;
			sourceTree = "<group>";
		};
		A5A0CE6A220B77F30087F634 /* Endpoints */ = {
			isa = PBXGroup;
			children = (
				A5A0CE70220B7A270087F634 /* RepositoriesEndpointTests.swift */,
			);
			path = Endpoints;
			sourceTree = "<group>";
		};
		A5A0CE6B220B77FE0087F634 /* Services */ = {
			isa = PBXGroup;
			children = (
				A5A0CE6C220B780C0087F634 /* ServiceFactoryTests.swift */,
				A5A0CE6E220B78DE0087F634 /* RepositoriesServiceTests.swift */,
			);
			path = Services;
			sourceTree = "<group>";
		};
/* End PBXGroup section */

/* Begin PBXNativeTarget section */
		A559586422021DE7009EB57C /* GitHubAPI */ = {
			isa = PBXNativeTarget;
			buildConfigurationList = A559588D22021DE9009EB57C /* Build configuration list for PBXNativeTarget "GitHubAPI" */;
			buildPhases = (
				A559586122021DE7009EB57C /* Sources */,
				A559586222021DE7009EB57C /* Frameworks */,
				A559586322021DE7009EB57C /* Resources */,
				A5A0CE2B2204DDA20087F634 /* Carthage copy */,
				A5A0CE55220A2D2B0087F634 /* Swiftlint */,
			);
			buildRules = (
			);
			dependencies = (
			);
			name = GitHubAPI;
			productName = GitHubAPI;
			productReference = A559586522021DE7009EB57C /* GitHubAPI.app */;
			productType = "com.apple.product-type.application";
		};
		A559587822021DE9009EB57C /* GitHubAPITests */ = {
			isa = PBXNativeTarget;
			buildConfigurationList = A559589022021DE9009EB57C /* Build configuration list for PBXNativeTarget "GitHubAPITests" */;
			buildPhases = (
				A559587522021DE9009EB57C /* Sources */,
				A559587622021DE9009EB57C /* Frameworks */,
				A559587722021DE9009EB57C /* Resources */,
				A5A0CE54220A2B300087F634 /* Carthage copy */,
			);
			buildRules = (
			);
			dependencies = (
				A559587B22021DE9009EB57C /* PBXTargetDependency */,
			);
			name = GitHubAPITests;
			productName = GitHubAPITests;
			productReference = A559587922021DE9009EB57C /* GitHubAPITests.xctest */;
			productType = "com.apple.product-type.bundle.unit-test";
		};
/* End PBXNativeTarget section */

/* Begin PBXProject section */
		A559585D22021DE7009EB57C /* Project object */ = {
			isa = PBXProject;
			attributes = {
				LastSwiftUpdateCheck = 1010;
				LastUpgradeCheck = 1010;
				ORGANIZATIONNAME = "Renato Mendes";
				TargetAttributes = {
					A559586422021DE7009EB57C = {
						CreatedOnToolsVersion = 10.1;
					};
					A559587822021DE9009EB57C = {
						CreatedOnToolsVersion = 10.1;
						LastSwiftMigration = 1010;
						TestTargetID = A559586422021DE7009EB57C;
					};
				};
			};
			buildConfigurationList = A559586022021DE7009EB57C /* Build configuration list for PBXProject "GitHubAPI" */;
			compatibilityVersion = "Xcode 9.3";
			developmentRegion = en;
			hasScannedForEncodings = 0;
			knownRegions = (
				en,
				Base,
			);
			mainGroup = A559585C22021DE7009EB57C;
			productRefGroup = A559586622021DE7009EB57C /* Products */;
			projectDirPath = "";
			projectRoot = "";
			targets = (
				A559586422021DE7009EB57C /* GitHubAPI */,
				A559587822021DE9009EB57C /* GitHubAPITests */,
			);
		};
/* End PBXProject section */

/* Begin PBXResourcesBuildPhase section */
		A559586322021DE7009EB57C /* Resources */ = {
			isa = PBXResourcesBuildPhase;
			buildActionMask = 2147483647;
			files = (
				A559587322021DE9009EB57C /* LaunchScreen.storyboard in Resources */,
				A559587022021DE9009EB57C /* Assets.xcassets in Resources */,
			);
			runOnlyForDeploymentPostprocessing = 0;
		};
		A559587722021DE9009EB57C /* Resources */ = {
			isa = PBXResourcesBuildPhase;
			buildActionMask = 2147483647;
			files = (
			);
			runOnlyForDeploymentPostprocessing = 0;
		};
/* End PBXResourcesBuildPhase section */

/* Begin PBXShellScriptBuildPhase section */
		A5A0CE2B2204DDA20087F634 /* Carthage copy */ = {
			isa = PBXShellScriptBuildPhase;
			buildActionMask = 2147483647;
			files = (
			);
			inputFileListPaths = (
			);
			inputPaths = (
				"$(SRCROOT)/Carthage/Build/iOS/Alamofire.framework",
				"$(SRCROOT)/Carthage/Build/iOS/Reusable.framework",
				"$(SRCROOT)/Carthage/Build/iOS/UIScrollView_InfiniteScroll.framework",
				"$(SRCROOT)/Carthage/Build/iOS/Kingfisher.framework",
				"$(SRCROOT)/Carthage/Build/iOS/ToastSwiftFramework.framework",
			);
			name = "Carthage copy";
			outputFileListPaths = (
			);
			outputPaths = (
				"$(BUILD_PRODUCTS_DIR)/$(FRAMEWORKS_FOLDER_PATH)/Alamofire.framework",
				"$(BUILD_PRODUCTS_DIR)/$(FRAMEWORKS_FOLDER_PATH)/Reusable.framework",
				"$(BUILD_PRODUCTS_DIR)/$(FRAMEWORKS_FOLDER_PATH)/UIScrollView_InfiniteScroll.framework",
				"$(BUILD_PRODUCTS_DIR)/$(FRAMEWORKS_FOLDER_PATH)/Kingfisher.framework",
				"$(BUILD_PRODUCTS_DIR)/$(FRAMEWORKS_FOLDER_PATH)/ToastSwiftFramework.framework",
			);
			runOnlyForDeploymentPostprocessing = 0;
			shellPath = /bin/sh;
			shellScript = "/usr/local/bin/carthage copy-frameworks\n";
		};
		A5A0CE54220A2B300087F634 /* Carthage copy */ = {
			isa = PBXShellScriptBuildPhase;
			buildActionMask = 2147483647;
			files = (
			);
			inputFileListPaths = (
			);
			inputPaths = (
				"$(SRCROOT)/Carthage/Build/iOS/Quick.framework",
				"$(SRCROOT)/Carthage/Build/iOS/Nimble.framework",
				"$(SRCROOT)/Carthage/Build/iOS/FBSnapshotTestCase.framework",
				"$(SRCROOT)/Carthage/Build/iOS/Nimble_Snapshots.framework",
			);
			name = "Carthage copy";
			outputFileListPaths = (
			);
			outputPaths = (
				"$(BUILD_PRODUCTS_DIR)/$(FRAMEWORKS_FOLDER_PATH)/Quick.framework",
				"$(BUILD_PRODUCTS_DIR)/$(FRAMEWORKS_FOLDER_PATH)/Nimble.framework",
				"$(BUILD_PRODUCTS_DIR)/$(FRAMEWORKS_FOLDER_PATH)/FBSnapshotTestCase.framework",
				"$(BUILD_PRODUCTS_DIR)/$(FRAMEWORKS_FOLDER_PATH)/Nimble_Snapshots.framework",
			);
			runOnlyForDeploymentPostprocessing = 0;
			shellPath = /bin/sh;
			shellScript = "/usr/local/bin/carthage copy-frameworks\n";
		};
		A5A0CE55220A2D2B0087F634 /* Swiftlint */ = {
			isa = PBXShellScriptBuildPhase;
			buildActionMask = 2147483647;
			files = (
			);
			inputFileListPaths = (
			);
			inputPaths = (
			);
			name = Swiftlint;
			outputFileListPaths = (
			);
			outputPaths = (
			);
			runOnlyForDeploymentPostprocessing = 0;
			shellPath = /bin/sh;
			shellScript = "if which swiftlint >/dev/null; then\nswiftlint\nelse\necho \"warning: SwiftLint not installed, download from https://github.com/realm/SwiftLint\"\nfi\n";
		};
/* End PBXShellScriptBuildPhase section */

/* Begin PBXSourcesBuildPhase section */
		A559586122021DE7009EB57C /* Sources */ = {
			isa = PBXSourcesBuildPhase;
			buildActionMask = 2147483647;
			files = (
				A5A0CE162204D1290087F634 /* RepositoriesCoordinator.swift in Sources */,
				A5A0CDFE22039F360087F634 /* ListRepositoriesView.swift in Sources */,
				A5A0CE2A2204DCFD0087F634 /* Connectivity.swift in Sources */,
				A5A0CE1E2204D63B0087F634 /* PrintableError.swift in Sources */,
				A5A0CE3B2208BD860087F634 /* RepositoryResult.swift in Sources */,
				A5A0CE392208B6920087F634 /* Owner.swift in Sources */,
				A5A0CE222204D84E0087F634 /* ErrorHandlerAPIClient.swift in Sources */,
				A5A0CE372208B19C0087F634 /* Repository.swift in Sources */,
				A5A0CE202204D7190087F634 /* RequestAPIClient.swift in Sources */,
				A5A0CE0022039FEA0087F634 /* ListRepositoriesViewProtocol.swift in Sources */,
				A5A0CE432209C5350087F634 /* ErrorView.swift in Sources */,
				A5A0CDFC22039F280087F634 /* ListRepositoriesController.swift in Sources */,
				A5A0CE0D2204C00B0087F634 /* CodableView.swift in Sources */,
				A5A0CE132204CFBC0087F634 /* AppCoordinator.swift in Sources */,
				A5A0CE0F2204C13F0087F634 /* NSLayoutConstraint+Util.swift in Sources */,
				A5A0CE192204D4E40087F634 /* APIClientBuilder.swift in Sources */,
				A5A0CDFA22039F1C0087F634 /* ListRepositoriesPresenter.swift in Sources */,
				A5A0CE312208AD1A0087F634 /* ServiceFactory.swift in Sources */,
				A5A0CE242204D9FC0087F634 /* ErrorHandler.swift in Sources */,
				A5A0CE1C2204D5390087F634 /* Endpoint.swift in Sources */,
				A5A0CE282204DCD30087F634 /* ConnectableAPIClient.swift in Sources */,
				A5A0CE332208AE4B0087F634 /* RepositoriesService.swift in Sources */,
				A5A0CE3F2208E0960087F634 /* RepositoryCell.swift in Sources */,
				A5A0CE352208AFE20087F634 /* RepositoriesEndpoint.swift in Sources */,
				A5A0CE3D2208DFA20087F634 /* ListRepositoriesDataSource.swift in Sources */,
				A5A0CE262204DA980087F634 /* Error+Util.swift in Sources */,
				A559586922021DE7009EB57C /* AppDelegate.swift in Sources */,
			);
			runOnlyForDeploymentPostprocessing = 0;
		};
		A559587522021DE9009EB57C /* Sources */ = {
			isa = PBXSourcesBuildPhase;
			buildActionMask = 2147483647;
			files = (
				A5A0CE67220B76370087F634 /* ConnectableMock.swift in Sources */,
				A5A0CE65220B75B10087F634 /* ConnectableAPIClientTests.swift in Sources */,
				A5A0CE5C220B469A0087F634 /* ErrorHandlerAPIClientTests.swift in Sources */,
				A5A0CE71220B7A270087F634 /* RepositoriesEndpointTests.swift in Sources */,
				A5A0CE61220B49620087F634 /* APIClientMock.swift in Sources */,
				A5A0CE58220B40C20087F634 /* ErrorViewTests.swift in Sources */,
				A5A0CE69220B76DE0087F634 /* ErrorHandlerTests.swift in Sources */,
				A5A0CE5F220B48440087F634 /* RepositoryResultMock.swift in Sources */,
				A5A0CE63220B498C0087F634 /* ErrorHandlerMock.swift in Sources */,
				A5A0CE6D220B780C0087F634 /* ServiceFactoryTests.swift in Sources */,
				A5A0CE6F220B78DE0087F634 /* RepositoriesServiceTests.swift in Sources */,
			);
			runOnlyForDeploymentPostprocessing = 0;
		};
/* End PBXSourcesBuildPhase section */

/* Begin PBXTargetDependency section */
		A559587B22021DE9009EB57C /* PBXTargetDependency */ = {
			isa = PBXTargetDependency;
			target = A559586422021DE7009EB57C /* GitHubAPI */;
			targetProxy = A559587A22021DE9009EB57C /* PBXContainerItemProxy */;
		};
/* End PBXTargetDependency section */

/* Begin PBXVariantGroup section */
		A559587122021DE9009EB57C /* LaunchScreen.storyboard */ = {
			isa = PBXVariantGroup;
			children = (
				A559587222021DE9009EB57C /* Base */,
			);
			name = LaunchScreen.storyboard;
			sourceTree = "<group>";
		};
/* End PBXVariantGroup section */

/* Begin XCBuildConfiguration section */
		A559588B22021DE9009EB57C /* Debug */ = {
			isa = XCBuildConfiguration;
			buildSettings = {
				ALWAYS_SEARCH_USER_PATHS = NO;
				CLANG_ANALYZER_NONNULL = YES;
				CLANG_ANALYZER_NUMBER_OBJECT_CONVERSION = YES_AGGRESSIVE;
				CLANG_CXX_LANGUAGE_STANDARD = "gnu++14";
				CLANG_CXX_LIBRARY = "libc++";
				CLANG_ENABLE_MODULES = YES;
				CLANG_ENABLE_OBJC_ARC = YES;
				CLANG_ENABLE_OBJC_WEAK = YES;
				CLANG_WARN_BLOCK_CAPTURE_AUTORELEASING = YES;
				CLANG_WARN_BOOL_CONVERSION = YES;
				CLANG_WARN_COMMA = YES;
				CLANG_WARN_CONSTANT_CONVERSION = YES;
				CLANG_WARN_DEPRECATED_OBJC_IMPLEMENTATIONS = YES;
				CLANG_WARN_DIRECT_OBJC_ISA_USAGE = YES_ERROR;
				CLANG_WARN_DOCUMENTATION_COMMENTS = YES;
				CLANG_WARN_EMPTY_BODY = YES;
				CLANG_WARN_ENUM_CONVERSION = YES;
				CLANG_WARN_INFINITE_RECURSION = YES;
				CLANG_WARN_INT_CONVERSION = YES;
				CLANG_WARN_NON_LITERAL_NULL_CONVERSION = YES;
				CLANG_WARN_OBJC_IMPLICIT_RETAIN_SELF = YES;
				CLANG_WARN_OBJC_LITERAL_CONVERSION = YES;
				CLANG_WARN_OBJC_ROOT_CLASS = YES_ERROR;
				CLANG_WARN_RANGE_LOOP_ANALYSIS = YES;
				CLANG_WARN_STRICT_PROTOTYPES = YES;
				CLANG_WARN_SUSPICIOUS_MOVE = YES;
				CLANG_WARN_UNGUARDED_AVAILABILITY = YES_AGGRESSIVE;
				CLANG_WARN_UNREACHABLE_CODE = YES;
				CLANG_WARN__DUPLICATE_METHOD_MATCH = YES;
				CODE_SIGN_IDENTITY = "iPhone Developer";
				COPY_PHASE_STRIP = NO;
				DEBUG_INFORMATION_FORMAT = dwarf;
				ENABLE_STRICT_OBJC_MSGSEND = YES;
				ENABLE_TESTABILITY = YES;
				GCC_C_LANGUAGE_STANDARD = gnu11;
				GCC_DYNAMIC_NO_PIC = NO;
				GCC_NO_COMMON_BLOCKS = YES;
				GCC_OPTIMIZATION_LEVEL = 0;
				GCC_PREPROCESSOR_DEFINITIONS = (
					"DEBUG=1",
					"$(inherited)",
				);
				GCC_WARN_64_TO_32_BIT_CONVERSION = YES;
				GCC_WARN_ABOUT_RETURN_TYPE = YES_ERROR;
				GCC_WARN_UNDECLARED_SELECTOR = YES;
				GCC_WARN_UNINITIALIZED_AUTOS = YES_AGGRESSIVE;
				GCC_WARN_UNUSED_FUNCTION = YES;
				GCC_WARN_UNUSED_VARIABLE = YES;
				IPHONEOS_DEPLOYMENT_TARGET = 12.1;
				MTL_ENABLE_DEBUG_INFO = INCLUDE_SOURCE;
				MTL_FAST_MATH = YES;
				ONLY_ACTIVE_ARCH = YES;
				SDKROOT = iphoneos;
				SWIFT_ACTIVE_COMPILATION_CONDITIONS = DEBUG;
				SWIFT_OPTIMIZATION_LEVEL = "-Onone";
			};
			name = Debug;
		};
		A559588C22021DE9009EB57C /* Release */ = {
			isa = XCBuildConfiguration;
			buildSettings = {
				ALWAYS_SEARCH_USER_PATHS = NO;
				CLANG_ANALYZER_NONNULL = YES;
				CLANG_ANALYZER_NUMBER_OBJECT_CONVERSION = YES_AGGRESSIVE;
				CLANG_CXX_LANGUAGE_STANDARD = "gnu++14";
				CLANG_CXX_LIBRARY = "libc++";
				CLANG_ENABLE_MODULES = YES;
				CLANG_ENABLE_OBJC_ARC = YES;
				CLANG_ENABLE_OBJC_WEAK = YES;
				CLANG_WARN_BLOCK_CAPTURE_AUTORELEASING = YES;
				CLANG_WARN_BOOL_CONVERSION = YES;
				CLANG_WARN_COMMA = YES;
				CLANG_WARN_CONSTANT_CONVERSION = YES;
				CLANG_WARN_DEPRECATED_OBJC_IMPLEMENTATIONS = YES;
				CLANG_WARN_DIRECT_OBJC_ISA_USAGE = YES_ERROR;
				CLANG_WARN_DOCUMENTATION_COMMENTS = YES;
				CLANG_WARN_EMPTY_BODY = YES;
				CLANG_WARN_ENUM_CONVERSION = YES;
				CLANG_WARN_INFINITE_RECURSION = YES;
				CLANG_WARN_INT_CONVERSION = YES;
				CLANG_WARN_NON_LITERAL_NULL_CONVERSION = YES;
				CLANG_WARN_OBJC_IMPLICIT_RETAIN_SELF = YES;
				CLANG_WARN_OBJC_LITERAL_CONVERSION = YES;
				CLANG_WARN_OBJC_ROOT_CLASS = YES_ERROR;
				CLANG_WARN_RANGE_LOOP_ANALYSIS = YES;
				CLANG_WARN_STRICT_PROTOTYPES = YES;
				CLANG_WARN_SUSPICIOUS_MOVE = YES;
				CLANG_WARN_UNGUARDED_AVAILABILITY = YES_AGGRESSIVE;
				CLANG_WARN_UNREACHABLE_CODE = YES;
				CLANG_WARN__DUPLICATE_METHOD_MATCH = YES;
				CODE_SIGN_IDENTITY = "iPhone Developer";
				COPY_PHASE_STRIP = NO;
				DEBUG_INFORMATION_FORMAT = "dwarf-with-dsym";
				ENABLE_NS_ASSERTIONS = NO;
				ENABLE_STRICT_OBJC_MSGSEND = YES;
				GCC_C_LANGUAGE_STANDARD = gnu11;
				GCC_NO_COMMON_BLOCKS = YES;
				GCC_WARN_64_TO_32_BIT_CONVERSION = YES;
				GCC_WARN_ABOUT_RETURN_TYPE = YES_ERROR;
				GCC_WARN_UNDECLARED_SELECTOR = YES;
				GCC_WARN_UNINITIALIZED_AUTOS = YES_AGGRESSIVE;
				GCC_WARN_UNUSED_FUNCTION = YES;
				GCC_WARN_UNUSED_VARIABLE = YES;
				IPHONEOS_DEPLOYMENT_TARGET = 12.1;
				MTL_ENABLE_DEBUG_INFO = NO;
				MTL_FAST_MATH = YES;
				SDKROOT = iphoneos;
				SWIFT_COMPILATION_MODE = wholemodule;
				SWIFT_OPTIMIZATION_LEVEL = "-O";
				VALIDATE_PRODUCT = YES;
			};
			name = Release;
		};
		A559588E22021DE9009EB57C /* Debug */ = {
			isa = XCBuildConfiguration;
			buildSettings = {
				ASSETCATALOG_COMPILER_APPICON_NAME = AppIcon;
				CODE_SIGN_STYLE = Automatic;
				DEVELOPMENT_TEAM = KWEMDK92F4;
				FRAMEWORK_SEARCH_PATHS = "$(PROJECT_DIR)/Carthage/Build/iOS";
				INFOPLIST_FILE = GitHubAPI/Info.plist;
				IPHONEOS_DEPLOYMENT_TARGET = 11.0;
				LD_RUNPATH_SEARCH_PATHS = (
					"$(inherited)",
					"@executable_path/Frameworks",
				);
				PRODUCT_BUNDLE_IDENTIFIER = com.rm.GitHubAPI;
				PRODUCT_NAME = "$(TARGET_NAME)";
				SWIFT_VERSION = 4.2;
				TARGETED_DEVICE_FAMILY = "1,2";
			};
			name = Debug;
		};
		A559588F22021DE9009EB57C /* Release */ = {
			isa = XCBuildConfiguration;
			buildSettings = {
				ASSETCATALOG_COMPILER_APPICON_NAME = AppIcon;
				CODE_SIGN_STYLE = Automatic;
				DEVELOPMENT_TEAM = KWEMDK92F4;
				FRAMEWORK_SEARCH_PATHS = "$(PROJECT_DIR)/Carthage/Build/iOS";
				INFOPLIST_FILE = GitHubAPI/Info.plist;
				IPHONEOS_DEPLOYMENT_TARGET = 11.0;
				LD_RUNPATH_SEARCH_PATHS = (
					"$(inherited)",
					"@executable_path/Frameworks",
				);
				PRODUCT_BUNDLE_IDENTIFIER = com.rm.GitHubAPI;
				PRODUCT_NAME = "$(TARGET_NAME)";
				SWIFT_VERSION = 4.2;
				TARGETED_DEVICE_FAMILY = "1,2";
			};
			name = Release;
		};
		A559589122021DE9009EB57C /* Debug */ = {
			isa = XCBuildConfiguration;
			buildSettings = {
				ALWAYS_EMBED_SWIFT_STANDARD_LIBRARIES = YES;
				BUNDLE_LOADER = "$(TEST_HOST)";
				CLANG_ENABLE_MODULES = YES;
				CODE_SIGN_STYLE = Automatic;
				DEVELOPMENT_TEAM = KWEMDK92F4;
				FRAMEWORK_SEARCH_PATHS = (
					"$(inherited)",
					"$(PROJECT_DIR)/Carthage/Build/iOS",
				);
				INFOPLIST_FILE = GitHubAPITests/Info.plist;
				LD_RUNPATH_SEARCH_PATHS = (
					"$(inherited)",
					"@executable_path/Frameworks",
					"@loader_path/Frameworks",
				);
				PRODUCT_BUNDLE_IDENTIFIER = com.rm.GitHubAPITests;
				PRODUCT_NAME = "$(TARGET_NAME)";
				SWIFT_OPTIMIZATION_LEVEL = "-Onone";
				SWIFT_VERSION = 4.2;
				TARGETED_DEVICE_FAMILY = "1,2";
				TEST_HOST = "$(BUILT_PRODUCTS_DIR)/GitHubAPI.app/GitHubAPI";
			};
			name = Debug;
		};
		A559589222021DE9009EB57C /* Release */ = {
			isa = XCBuildConfiguration;
			buildSettings = {
				ALWAYS_EMBED_SWIFT_STANDARD_LIBRARIES = YES;
				BUNDLE_LOADER = "$(TEST_HOST)";
				CLANG_ENABLE_MODULES = YES;
				CODE_SIGN_STYLE = Automatic;
				DEVELOPMENT_TEAM = KWEMDK92F4;
				FRAMEWORK_SEARCH_PATHS = (
					"$(inherited)",
					"$(PROJECT_DIR)/Carthage/Build/iOS",
				);
				INFOPLIST_FILE = GitHubAPITests/Info.plist;
				LD_RUNPATH_SEARCH_PATHS = (
					"$(inherited)",
					"@executable_path/Frameworks",
					"@loader_path/Frameworks",
				);
				PRODUCT_BUNDLE_IDENTIFIER = com.rm.GitHubAPITests;
				PRODUCT_NAME = "$(TARGET_NAME)";
				SWIFT_VERSION = 4.2;
				TARGETED_DEVICE_FAMILY = "1,2";
				TEST_HOST = "$(BUILT_PRODUCTS_DIR)/GitHubAPI.app/GitHubAPI";
			};
			name = Release;
		};
/* End XCBuildConfiguration section */

/* Begin XCConfigurationList section */
		A559586022021DE7009EB57C /* Build configuration list for PBXProject "GitHubAPI" */ = {
			isa = XCConfigurationList;
			buildConfigurations = (
				A559588B22021DE9009EB57C /* Debug */,
				A559588C22021DE9009EB57C /* Release */,
			);
			defaultConfigurationIsVisible = 0;
			defaultConfigurationName = Release;
		};
		A559588D22021DE9009EB57C /* Build configuration list for PBXNativeTarget "GitHubAPI" */ = {
			isa = XCConfigurationList;
			buildConfigurations = (
				A559588E22021DE9009EB57C /* Debug */,
				A559588F22021DE9009EB57C /* Release */,
			);
			defaultConfigurationIsVisible = 0;
			defaultConfigurationName = Release;
		};
		A559589022021DE9009EB57C /* Build configuration list for PBXNativeTarget "GitHubAPITests" */ = {
			isa = XCConfigurationList;
			buildConfigurations = (
				A559589122021DE9009EB57C /* Debug */,
				A559589222021DE9009EB57C /* Release */,
			);
			defaultConfigurationIsVisible = 0;
			defaultConfigurationName = Release;
		};
/* End XCConfigurationList section */
	};
	rootObject = A559585D22021DE7009EB57C /* Project object */;
}
